# THIS IS AN AUTOGENERATED FILE. DO NOT EDIT THIS FILE DIRECTLY.
# yarn lockfile v1


"@babel/runtime@7.x":
  "integrity" "sha512-9E9FJowqAsytyOY6LG+1KuueckRL+aQW+mKvXRXnuFGyRAyepJPmEo9vgMfXUA6O9u3IeEdv9MAkppFcaQwogQ=="
  "resolved" "https://registry.npmmirror.com/@babel/runtime/download/@babel/runtime-7.16.7.tgz"
  "version" "7.16.7"
  dependencies:
    "regenerator-runtime" "^0.13.4"

"@popperjs/core@^2.9.2":
  "integrity" "sha512-92FRmppjjqz29VMJ2dn+xdyXZBrMlE42AV6Kq6BwjWV7CNUW1hs2FtxSNLQE+gJhaZ6AAmYuO9y8dshhcBl7vA=="
  "resolved" "https://registry.npmmirror.com/@popperjs/core/download/@popperjs/core-2.11.2.tgz"
  "version" "2.11.2"

"@vant/icons@^1.7.1":
  "integrity" "sha512-tW4EqzxN4kXw1rnlnQJQHofEifPbt/gECOWiibomht8QLyvoGuE4iUmDFS288dJ07ZjuTy0bhdABj0SENo2fmQ=="
  "resolved" "https://registry.npmmirror.com/@vant/icons/download/@vant/icons-1.7.3.tgz"
  "version" "1.7.3"

"@vant/popperjs@^1.1.0":
  "integrity" "sha1-tO3uW7+m+xhwWYbjE9T9XxeUKg8= sha512-8MD1gz146awV/uPxYjz4pet22f7a9YVKqk7T+gFkWFwT9mEcrIUEg/xPrdOnWKLP9puXyYtm7oVfSDSefZ/p/w=="
  "resolved" "https://registry.npm.taobao.org/@vant/popperjs/download/@vant/popperjs-1.1.0.tgz?cache=0&sync_timestamp=1617712371368&other_urls=https%3A%2F%2Fregistry.npm.taobao.org%2F%40vant%2Fpopperjs%2Fdownload%2F%40vant%2Fpopperjs-1.1.0.tgz"
  "version" "1.1.0"
  dependencies:
    "@popperjs/core" "^2.9.2"

"@vue/babel-helper-vue-jsx-merge-props@^1.0.0":
  "integrity" "sha1-MWJKelBfsU2h1YAjclpMXycOaoE= sha512-QOi5OW45e2R20VygMSNhyQHvpdUwQZqGPc748JLGCYEy+yp8fNFNdbNIGAgZmi9e+2JHPd6i6idRuqivyicIkA=="
  "resolved" "https://registry.npm.taobao.org/@vue/babel-helper-vue-jsx-merge-props/download/@vue/babel-helper-vue-jsx-merge-props-1.2.1.tgz?cache=0&sync_timestamp=1602851122331&other_urls=https%3A%2F%2Fregistry.npm.taobao.org%2F%40vue%2Fbabel-helper-vue-jsx-merge-props%2Fdownload%2F%40vue%2Fbabel-helper-vue-jsx-merge-props-1.2.1.tgz"
  "version" "1.2.1"

"debug@^4.3.3":
  "integrity" "sha512-/zxw5+vh1Tfv+4Qn7a5nsbcJKPaSvCDhojn6FEl9vupwK2VCSDtEiEtqr8DFtzYFOdz63LBkxec7DYuc2jon6Q=="
  "resolved" "https://registry.npmmirror.com/debug/-/debug-4.3.3.tgz"
  "version" "4.3.3"
  dependencies:
    "ms" "2.1.2"

"i18n@^0.13.4":
  "integrity" "sha512-GZnXWeA15jTi9gc1jfgrJcSrNYDg7qbJXSYMuibqPYb1ThORmGCeM+gL6LrDagYRHh87/q/D0jRSOhAfv6wAow=="
  "resolved" "https://registry.npmmirror.com/i18n/-/i18n-0.13.4.tgz"
  "version" "0.13.4"
  dependencies:
    "debug" "^4.3.3"
    "make-plural" "^7.0.0"
    "math-interval-parser" "^2.0.1"
    "messageformat" "^2.3.0"
    "mustache" "^4.2.0"
    "sprintf-js" "^1.1.2"

"image-tools@^1.4.0":
  "integrity" "sha1-ZqrLr61nevfz/X8y+PoeCIG4N4M= sha512-TKtvJ6iUwM0mfaD4keMnk1ENHFC470QEjBfA3IlvKdEOufzvWbjbaoNcoyYq6HlViF8+d5tOS1ooE6j7CHf1lQ=="
  "resolved" "https://registry.nlark.com/image-tools/download/image-tools-1.4.0.tgz"
  "version" "1.4.0"

"lodash@^4.17.21":
  "integrity" "sha512-v2kDEe57lecTulaDIuNTPy3Ry4gLGJ6Z1O3vE1krgXZNrsQ+LFTGHVxVjcXPs17LhbZVGedAJv8XZ1tvj5FvSg=="
  "resolved" "https://registry.npmmirror.com/lodash/download/lodash-4.17.21.tgz"
  "version" "4.17.21"

"make-plural@^4.3.0":
  "integrity" "sha512-xTYd4JVHpSCW+aqDof6w/MebaMVNTVYBZhbB/vi513xXdiPT92JMVCo0Jq8W2UZnzYRFeVbQiQ+I25l13JuKvA=="
  "resolved" "https://registry.npmmirror.com/make-plural/-/make-plural-4.3.0.tgz"
  "version" "4.3.0"
  optionalDependencies:
    "minimist" "^1.2.0"

"make-plural@^7.0.0":
  "integrity" "sha512-OTuzMnuhrc7G3LJU5upkhKy7EIAq/dRqANqTUh0B8au7jM5mXq9kVdla3sn3g2GCRIxgooCDQtSJ3s1fAjasbQ=="
  "resolved" "https://registry.npmmirror.com/make-plural/-/make-plural-7.0.0.tgz"
  "version" "7.0.0"

"math-interval-parser@^2.0.1":
  "integrity" "sha512-VmlAmb0UJwlvMyx8iPhXUDnVW1F9IrGEd9CIOmv+XL8AErCUUuozoDMrgImvnYt2A+53qVX/tPW6YJurMKYsvA=="
  "resolved" "https://registry.npmmirror.com/math-interval-parser/-/math-interval-parser-2.0.1.tgz"
  "version" "2.0.1"

"messageformat-formatters@^2.0.1":
  "integrity" "sha512-E/lQRXhtHwGuiQjI7qxkLp8AHbMD5r2217XNe/SREbBlSawe0lOqsFb7rflZJmlQFSULNLIqlcjjsCPlB3m3Mg=="
  "resolved" "https://registry.npmmirror.com/messageformat-formatters/-/messageformat-formatters-2.0.1.tgz"
  "version" "2.0.1"

"messageformat-parser@^4.1.2":
  "integrity" "sha512-2fU3XDCanRqeOCkn7R5zW5VQHWf+T3hH65SzuqRvjatBK7r4uyFa5mEX+k6F9Bd04LVM5G4/BHBTUJsOdW7uyg=="
  "resolved" "https://registry.npmmirror.com/messageformat-parser/-/messageformat-parser-4.1.3.tgz"
  "version" "4.1.3"

"messageformat@^2.3.0":
  "integrity" "sha512-uTzvsv0lTeQxYI2y1NPa1lItL5VRI8Gb93Y2K2ue5gBPyrbJxfDi/EYWxh2PKv5yO42AJeeqblS9MJSh/IEk4w=="
  "resolved" "https://registry.npmmirror.com/messageformat/-/messageformat-2.3.0.tgz"
  "version" "2.3.0"
  dependencies:
    "make-plural" "^4.3.0"
    "messageformat-formatters" "^2.0.1"
    "messageformat-parser" "^4.1.2"

"minimist@^1.2.0":
  "integrity" "sha512-FM9nNUYrRBAELZQT3xeZQ7fmMOBg6nWNmJKTcgsJeaLstP/UODVpGsr5OhXhhXg6f+qtJ8uiZ+PUxkDWcgIXLw=="
  "resolved" "https://registry.npmmirror.com/minimist/-/minimist-1.2.5.tgz"
  "version" "1.2.5"

"moment@^2.29.1":
  "integrity" "sha512-kHmoybcPV8Sqy59DwNDY3Jefr64lK/by/da0ViFcuA4DH0vQg5Q6Ze5VimxkfQNSC+Mls/Kx53s7TjP1RhFEDQ=="
  "resolved" "https://registry.npmmirror.com/moment/download/moment-2.29.1.tgz"
  "version" "2.29.1"

"ms@2.1.2":
  "integrity" "sha512-sGkPx+VjMtmA6MX27oA4FBFELFCZZ4S4XqeGOXCv68tT+jb3vk/RyaKWP0PTKyWtmLSM0b+adUTEvbs1PEaH2w=="
  "resolved" "https://registry.npmmirror.com/ms/-/ms-2.1.2.tgz"
  "version" "2.1.2"

"mustache@^4.2.0":
  "integrity" "sha512-71ippSywq5Yb7/tVYyGbkBggbU8H3u5Rz56fH60jGFgr8uHwxs+aSKeqmluIVzM0m0kB7xQjKS6qPfd0b2ZoqQ=="
  "resolved" "https://registry.npmmirror.com/mustache/-/mustache-4.2.0.tgz"
  "version" "4.2.0"

"regenerator-runtime@^0.13.4":
  "integrity" "sha512-p3VT+cOEgxFsRRA9X4lkI1E+k2/CtnKtU4gcxyaCUreilL/vqI6CdZ3wxVUx3UOUg+gnUOQQcRI7BmSI656MYA=="
  "resolved" "https://registry.npmmirror.com/regenerator-runtime/download/regenerator-runtime-0.13.9.tgz"
  "version" "0.13.9"

"sprintf-js@^1.1.2":
  "integrity" "sha512-VE0SOVEHCk7Qc8ulkWw3ntAzXuqf7S2lvwQaDLRnUeIEaKNQJzV6BwmLKhOqT61aGhfUMrXeaBk+oDGCzvhcug=="
  "resolved" "https://registry.npmmirror.com/sprintf-js/-/sprintf-js-1.1.2.tgz"
  "version" "1.1.2"

"vant@^2.12.37":
  "integrity" "sha512-6WQdySrjV4e9oCH1hbbI9ynkc3AwarwAc0k54Y3NRXQxciZ1C9DMjqUYxGSSR1acgqSB/GHcumneOdSui+BoCg=="
  "resolved" "https://registry.npmmirror.com/vant/download/vant-2.12.39.tgz"
  "version" "2.12.39"
  dependencies:
    "@babel/runtime" "7.x"
    "@vant/icons" "^1.7.1"
    "@vant/popperjs" "^1.1.0"
    "@vue/babel-helper-vue-jsx-merge-props" "^1.0.0"
    "vue-lazyload" "1.2.3"

"vue-lazyload@1.2.3":
  "integrity" "sha512-DC0ZwxanbRhx79tlA3zY5OYJkH8FYp3WBAnAJbrcuoS8eye1P73rcgAZhyxFSPUluJUTelMB+i/+VkNU/qVm7g=="
  "resolved" "https://registry.npmmirror.com/vue-lazyload/download/vue-lazyload-1.2.3.tgz"
  "version" "1.2.3"

"vue@>= 2.6.0":
  "integrity" "sha512-x2284lgYvjOMj3Za7kqzRcUSxBboHqtgRE2zlos1qWaOye5yUmHn42LB1250NJBLRwEcdrB0JRwyPTEPhfQjiQ=="
  "resolved" "https://registry.npmmirror.com/vue/-/vue-2.6.14.tgz"
  "version" "2.6.14"
