# THIS IS AN AUTOGENERATED FILE. DO NOT EDIT THIS FILE DIRECTLY.
# yarn lockfile v1


"@babel/runtime@7.x":
  version "7.16.7"
  resolved "https://registry.npmmirror.com/@babel/runtime/download/@babel/runtime-7.16.7.tgz#03ff99f64106588c9c403c6ecb8c3bafbbdff1fa"
  integrity sha512-9E9FJowqAsytyOY6LG+1KuueckRL+aQW+mKvXRXnuFGyRAyepJPmEo9vgMfXUA6O9u3IeEdv9MAkppFcaQwogQ==
  dependencies:
    regenerator-runtime "^0.13.4"

"@popperjs/core@^2.9.2":
  version "2.11.2"
  resolved "https://registry.npmmirror.com/@popperjs/core/download/@popperjs/core-2.11.2.tgz#830beaec4b4091a9e9398ac50f865ddea52186b9"
  integrity sha512-92FRmppjjqz29VMJ2dn+xdyXZBrMlE42AV6Kq6BwjWV7CNUW1hs2FtxSNLQE+gJhaZ6AAmYuO9y8dshhcBl7vA==

"@vant/icons@^1.7.1":
  version "1.7.3"
  resolved "https://registry.npmmirror.com/@vant/icons/download/@vant/icons-1.7.3.tgz#e51b46065cfde445617401ebe309a33b62a29725"
  integrity sha512-tW4EqzxN4kXw1rnlnQJQHofEifPbt/gECOWiibomht8QLyvoGuE4iUmDFS288dJ07ZjuTy0bhdABj0SENo2fmQ==

"@vant/popperjs@^1.1.0":
  version "1.1.0"
  resolved "https://registry.npm.taobao.org/@vant/popperjs/download/@vant/popperjs-1.1.0.tgz?cache=0&sync_timestamp=1617712371368&other_urls=https%3A%2F%2Fregistry.npm.taobao.org%2F%40vant%2Fpopperjs%2Fdownload%2F%40vant%2Fpopperjs-1.1.0.tgz#b4edee5bbfa6fb18705986e313d4fd5f17942a0f"
  integrity sha1-tO3uW7+m+xhwWYbjE9T9XxeUKg8=
  dependencies:
    "@popperjs/core" "^2.9.2"

"@vue/babel-helper-vue-jsx-merge-props@^1.0.0":
  version "1.2.1"
  resolved "https://registry.npm.taobao.org/@vue/babel-helper-vue-jsx-merge-props/download/@vue/babel-helper-vue-jsx-merge-props-1.2.1.tgz?cache=0&sync_timestamp=1602851122331&other_urls=https%3A%2F%2Fregistry.npm.taobao.org%2F%40vue%2Fbabel-helper-vue-jsx-merge-props%2Fdownload%2F%40vue%2Fbabel-helper-vue-jsx-merge-props-1.2.1.tgz#31624a7a505fb14da1d58023725a4c5f270e6a81"
  integrity sha1-MWJKelBfsU2h1YAjclpMXycOaoE=

image-tools@^1.4.0:
  version "1.4.0"
  resolved "https://registry.nlark.com/image-tools/download/image-tools-1.4.0.tgz#66aacbafad677af7f3fd7f32f8fa1e0881b83783"
  integrity sha1-ZqrLr61nevfz/X8y+PoeCIG4N4M=

lodash@^4.17.21:
  version "4.17.21"
  resolved "https://registry.npmmirror.com/lodash/download/lodash-4.17.21.tgz#679591c564c3bffaae8454cf0b3df370c3d6911c"
  integrity sha512-v2kDEe57lecTulaDIuNTPy3Ry4gLGJ6Z1O3vE1krgXZNrsQ+LFTGHVxVjcXPs17LhbZVGedAJv8XZ1tvj5FvSg==

moment@^2.29.1:
  version "2.29.1"
  resolved "https://registry.npmmirror.com/moment/download/moment-2.29.1.tgz#b2be769fa31940be9eeea6469c075e35006fa3d3"
  integrity sha512-kHmoybcPV8Sqy59DwNDY3Jefr64lK/by/da0ViFcuA4DH0vQg5Q6Ze5VimxkfQNSC+Mls/Kx53s7TjP1RhFEDQ==

regenerator-runtime@^0.13.4:
  version "0.13.9"
  resolved "https://registry.npmmirror.com/regenerator-runtime/download/regenerator-runtime-0.13.9.tgz#8925742a98ffd90814988d7566ad30ca3b263b52"
  integrity sha512-p3VT+cOEgxFsRRA9X4lkI1E+k2/CtnKtU4gcxyaCUreilL/vqI6CdZ3wxVUx3UOUg+gnUOQQcRI7BmSI656MYA==

vant@^2.12.37:
  version "2.12.39"
  resolved "https://registry.npmmirror.com/vant/download/vant-2.12.39.tgz#2cb976c124b4b11bfed340030b5dc90285a3bb66"
  integrity sha512-6WQdySrjV4e9oCH1hbbI9ynkc3AwarwAc0k54Y3NRXQxciZ1C9DMjqUYxGSSR1acgqSB/GHcumneOdSui+BoCg==
  dependencies:
    "@babel/runtime" "7.x"
    "@vant/icons" "^1.7.1"
    "@vant/popperjs" "^1.1.0"
    "@vue/babel-helper-vue-jsx-merge-props" "^1.0.0"
    vue-lazyload "1.2.3"

vue-lazyload@1.2.3:
  version "1.2.3"
  resolved "https://registry.npmmirror.com/vue-lazyload/download/vue-lazyload-1.2.3.tgz#901f9ec15c7e6ca78781a2bae4a343686bdedb2c"
  integrity sha512-DC0ZwxanbRhx79tlA3zY5OYJkH8FYp3WBAnAJbrcuoS8eye1P73rcgAZhyxFSPUluJUTelMB+i/+VkNU/qVm7g==
